// !$*UTF8*$!
{
	archiveVersion = 1;
	classes = {
	};
	objectVersion = 50;
	objects = {

/* Begin PBXBuildFile section */
		EB37ED5E227325E40063EF9B /* Home.storyboard in Resources */ = {isa = PBXBuildFile; fileRef = EB37ED5C227325E40063EF9B /* Home.storyboard */; };
		EB37ED60227326000063EF9B /* Recipe.storyboard in Resources */ = {isa = PBXBuildFile; fileRef = EB37ED5F227326000063EF9B /* Recipe.storyboard */; };
		EB37ED632273261A0063EF9B /* User.storyboard in Resources */ = {isa = PBXBuildFile; fileRef = EB37ED612273261A0063EF9B /* User.storyboard */; };
		EBD04CAE2272E84B005DCC5A /* AppDelegate.swift in Sources */ = {isa = PBXBuildFile; fileRef = EBD04CAD2272E84B005DCC5A /* AppDelegate.swift */; };
		EBD04CB02272E84B005DCC5A /* ViewController.swift in Sources */ = {isa = PBXBuildFile; fileRef = EBD04CAF2272E84B005DCC5A /* ViewController.swift */; };
		EBD04CB32272E84B005DCC5A /* Main.storyboard in Resources */ = {isa = PBXBuildFile; fileRef = EBD04CB12272E84B005DCC5A /* Main.storyboard */; };
		EBD04CB62272E84B005DCC5A /* nutriientapp.xcdatamodeld in Sources */ = {isa = PBXBuildFile; fileRef = EBD04CB42272E84B005DCC5A /* nutriientapp.xcdatamodeld */; };
		EBD04CB82272E84B005DCC5A /* Assets.xcassets in Resources */ = {isa = PBXBuildFile; fileRef = EBD04CB72272E84B005DCC5A /* Assets.xcassets */; };
		EBD04CBB2272E84B005DCC5A /* LaunchScreen.storyboard in Resources */ = {isa = PBXBuildFile; fileRef = EBD04CB92272E84B005DCC5A /* LaunchScreen.storyboard */; };
/* End PBXBuildFile section */

/* Begin PBXFileReference section */
		EB37ED5D227325E40063EF9B /* Base */ = {isa = PBXFileReference; lastKnownFileType = file.storyboard; name = Base; path = nutriientapp/Base.lproj/Home.storyboard; sourceTree = "<group>"; };
		EB37ED5F227326000063EF9B /* Recipe.storyboard */ = {isa = PBXFileReference; fileEncoding = 4; lastKnownFileType = file.storyboard; path = Recipe.storyboard; sourceTree = "<group>"; };
		EB37ED622273261A0063EF9B /* Base */ = {isa = PBXFileReference; lastKnownFileType = file.storyboard; name = Base; path = nutriientapp/Base.lproj/User.storyboard; sourceTree = "<group>"; };
		EBD04CAA2272E84B005DCC5A /* nutriientapp.app */ = {isa = PBXFileReference; explicitFileType = wrapper.application; includeInIndex = 0; path = nutriientapp.app; sourceTree = BUILT_PRODUCTS_DIR; };
		EBD04CAD2272E84B005DCC5A /* AppDelegate.swift */ = {isa = PBXFileReference; lastKnownFileType = sourcecode.swift; path = AppDelegate.swift; sourceTree = "<group>"; };
		EBD04CAF2272E84B005DCC5A /* ViewController.swift */ = {isa = PBXFileReference; lastKnownFileType = sourcecode.swift; path = ViewController.swift; sourceTree = "<group>"; };
		EBD04CB22272E84B005DCC5A /* Base */ = {isa = PBXFileReference; lastKnownFileType = file.storyboard; name = Base; path = Base.lproj/Main.storyboard; sourceTree = "<group>"; };
		EBD04CB52272E84B005DCC5A /* nutriientapp.xcdatamodel */ = {isa = PBXFileReference; lastKnownFileType = wrapper.xcdatamodel; path = nutriientapp.xcdatamodel; sourceTree = "<group>"; };
		EBD04CB72272E84B005DCC5A /* Assets.xcassets */ = {isa = PBXFileReference; lastKnownFileType = folder.assetcatalog; path = Assets.xcassets; sourceTree = "<group>"; };
		EBD04CBA2272E84B005DCC5A /* Base */ = {isa = PBXFileReference; lastKnownFileType = file.storyboard; name = Base; path = Base.lproj/LaunchScreen.storyboard; sourceTree = "<group>"; };
		EBD04CBC2272E84B005DCC5A /* Info.plist */ = {isa = PBXFileReference; lastKnownFileType = text.plist.xml; path = Info.plist; sourceTree = "<group>"; };
/* End PBXFileReference section */

/* Begin PBXFrameworksBuildPhase section */
		EBD04CA72272E84B005DCC5A /* Frameworks */ = {
			isa = PBXFrameworksBuildPhase;
			buildActionMask = 2147483647;
			files = (
			);
			runOnlyForDeploymentPostprocessing = 0;
		};
/* End PBXFrameworksBuildPhase section */

/* Begin PBXGroup section */
		EBD04CA12272E84B005DCC5A = {
			isa = PBXGroup;
			children = (
				EBD04CAC2272E84B005DCC5A /* nutriientapp */,
				EBD04CAB2272E84B005DCC5A /* Products */,
			);
			sourceTree = "<group>";
		};
		EBD04CAB2272E84B005DCC5A /* Products */ = {
			isa = PBXGroup;
			children = (
				EBD04CAA2272E84B005DCC5A /* nutriientapp.app */,
			);
			name = Products;
			sourceTree = "<group>";
		};
		EBD04CAC2272E84B005DCC5A /* nutriientapp */ = {
			isa = PBXGroup;
			children = (
				EBD04CAD2272E84B005DCC5A /* AppDelegate.swift */,
				EBD04CAF2272E84B005DCC5A /* ViewController.swift */,
				EBD04CB12272E84B005DCC5A /* Main.storyboard */,
				EB37ED5C227325E40063EF9B /* Home.storyboard */,
				EB37ED5F227326000063EF9B /* Recipe.storyboard */,
				EB37ED612273261A0063EF9B /* User.storyboard */,
				EBD04CB72272E84B005DCC5A /* Assets.xcassets */,
				EBD04CB92272E84B005DCC5A /* LaunchScreen.storyboard */,
				EBD04CBC2272E84B005DCC5A /* Info.plist */,
				EBD04CB42272E84B005DCC5A /* nutriientapp.xcdatamodeld */,
			);
			path = nutriientapp;
			sourceTree = "<group>";
		};
/* End PBXGroup section */

/* Begin PBXNativeTarget section */
		EBD04CA92272E84B005DCC5A /* nutriientapp */ = {
			isa = PBXNativeTarget;
			buildConfigurationList = EBD04CBF2272E84B005DCC5A /* Build configuration list for PBXNativeTarget "nutriientapp" */;
			buildPhases = (
				EBD04CA62272E84B005DCC5A /* Sources */,
				EBD04CA72272E84B005DCC5A /* Frameworks */,
				EBD04CA82272E84B005DCC5A /* Resources */,
			);
			buildRules = (
			);
			dependencies = (
			);
			name = nutriientapp;
			productName = nutriientapp;
			productReference = EBD04CAA2272E84B005DCC5A /* nutriientapp.app */;
			productType = "com.apple.product-type.application";
		};
/* End PBXNativeTarget section */

/* Begin PBXProject section */
		EBD04CA22272E84B005DCC5A /* Project object */ = {
			isa = PBXProject;
			attributes = {
				LastSwiftUpdateCheck = 1020;
				LastUpgradeCheck = 1020;
				ORGANIZATIONNAME = Kelompok8;
				TargetAttributes = {
					EBD04CA92272E84B005DCC5A = {
						CreatedOnToolsVersion = 10.2.1;
					};
				};
			};
			buildConfigurationList = EBD04CA52272E84B005DCC5A /* Build configuration list for PBXProject "nutriientapp" */;
			compatibilityVersion = "Xcode 9.3";
			developmentRegion = en;
			hasScannedForEncodings = 0;
			knownRegions = (
				en,
				Base,
			);
			mainGroup = EBD04CA12272E84B005DCC5A;
			productRefGroup = EBD04CAB2272E84B005DCC5A /* Products */;
			projectDirPath = "";
			projectRoot = "";
			targets = (
				EBD04CA92272E84B005DCC5A /* nutriientapp */,
			);
		};
/* End PBXProject section */

/* Begin PBXResourcesBuildPhase section */
		EBD04CA82272E84B005DCC5A /* Resources */ = {
			isa = PBXResourcesBuildPhase;
			buildActionMask = 2147483647;
			files = (
				EBD04CBB2272E84B005DCC5A /* LaunchScreen.storyboard in Resources */,
				EBD04CB82272E84B005DCC5A /* Assets.xcassets in Resources */,
				EBD04CB32272E84B005DCC5A /* Main.storyboard in Resources */,
				EB37ED5E227325E40063EF9B /* Home.storyboard in Resources */,
				EB37ED60227326000063EF9B /* Recipe.storyboard in Resources */,
				EB37ED632273261A0063EF9B /* User.storyboard in Resources */,
			);
			runOnlyForDeploymentPostprocessing = 0;
		};
/* End PBXResourcesBuildPhase section */

/* Begin PBXSourcesBuildPhase section */
		EBD04CA62272E84B005DCC5A /* Sources */ = {
			isa = PBXSourcesBuildPhase;
			buildActionMask = 2147483647;
			files = (
				EBD04CB02272E84B005DCC5A /* ViewController.swift in Sources */,
				EBD04CAE2272E84B005DCC5A /* AppDelegate.swift in Sources */,
				EBD04CB62272E84B005DCC5A /* nutriientapp.xcdatamodeld in Sources */,
			);
			runOnlyForDeploymentPostprocessing = 0;
		};
/* End PBXSourcesBuildPhase section */

/* Begin PBXVariantGroup section */
		EB37ED5C227325E40063EF9B /* Home.storyboard */ = {
			isa = PBXVariantGroup;
			children = (
				EB37ED5D227325E40063EF9B /* Base */,
			);
			name = Home.storyboard;
			sourceTree = "<group>";
		};
		EB37ED612273261A0063EF9B /* User.storyboard */ = {
			isa = PBXVariantGroup;
			children = (
				EB37ED622273261A0063EF9B /* Base */,
			);
			name = User.storyboard;
			sourceTree = "<group>";
		};
		EBD04CB12272E84B005DCC5A /* Main.storyboard */ = {
			isa = PBXVariantGroup;
			children = (
				EBD04CB22272E84B005DCC5A /* Base */,
			);
			name = Main.storyboard;
			sourceTree = "<group>";
		};
		EBD04CB92272E84B005DCC5A /* LaunchScreen.storyboard */ = {
			isa = PBXVariantGroup;
			children = (
				EBD04CBA2272E84B005DCC5A /* Base */,
			);
			name = LaunchScreen.storyboard;
			sourceTree = "<group>";
		};
/* End PBXVariantGroup section */

/* Begin XCBuildConfiguration section */
		EBD04CBD2272E84B005DCC5A /* Debug */ = {
			isa = XCBuildConfiguration;
			buildSettings = {
				ALWAYS_SEARCH_USER_PATHS = NO;
				CLANG_ANALYZER_NONNULL = YES;
				CLANG_ANALYZER_NUMBER_OBJECT_CONVERSION = YES_AGGRESSIVE;
				CLANG_CXX_LANGUAGE_STANDARD = "gnu++14";
				CLANG_CXX_LIBRARY = "libc++";
				CLANG_ENABLE_MODULES = YES;
				CLANG_ENABLE_OBJC_ARC = YES;
				CLANG_ENABLE_OBJC_WEAK = YES;
				CLANG_WARN_BLOCK_CAPTURE_AUTORELEASING = YES;
				CLANG_WARN_BOOL_CONVERSION = YES;
				CLANG_WARN_COMMA = YES;
				CLANG_WARN_CONSTANT_CONVERSION = YES;
				CLANG_WARN_DEPRECATED_OBJC_IMPLEMENTATIONS = YES;
				CLANG_WARN_DIRECT_OBJC_ISA_USAGE = YES_ERROR;
				CLANG_WARN_DOCUMENTATION_COMMENTS = YES;
				CLANG_WARN_EMPTY_BODY = YES;
				CLANG_WARN_ENUM_CONVERSION = YES;
				CLANG_WARN_INFINITE_RECURSION = YES;
				CLANG_WARN_INT_CONVERSION = YES;
				CLANG_WARN_NON_LITERAL_NULL_CONVERSION = YES;
				CLANG_WARN_OBJC_IMPLICIT_RETAIN_SELF = YES;
				CLANG_WARN_OBJC_LITERAL_CONVERSION = YES;
				CLANG_WARN_OBJC_ROOT_CLASS = YES_ERROR;
				CLANG_WARN_RANGE_LOOP_ANALYSIS = YES;
				CLANG_WARN_STRICT_PROTOTYPES = YES;
				CLANG_WARN_SUSPICIOUS_MOVE = YES;
				CLANG_WARN_UNGUARDED_AVAILABILITY = YES_AGGRESSIVE;
				CLANG_WARN_UNREACHABLE_CODE = YES;
				CLANG_WARN__DUPLICATE_METHOD_MATCH = YES;
				CODE_SIGN_IDENTITY = "iPhone Developer";
				COPY_PHASE_STRIP = NO;
				DEBUG_INFORMATION_FORMAT = dwarf;
				ENABLE_STRICT_OBJC_MSGSEND = YES;
				ENABLE_TESTABILITY = YES;
				GCC_C_LANGUAGE_STANDARD = gnu11;
				GCC_DYNAMIC_NO_PIC = NO;
				GCC_NO_COMMON_BLOCKS = YES;
				GCC_OPTIMIZATION_LEVEL = 0;
				GCC_PREPROCESSOR_DEFINITIONS = (
					"DEBUG=1",
					"$(inherited)",
				);
				GCC_WARN_64_TO_32_BIT_CONVERSION = YES;
				GCC_WARN_ABOUT_RETURN_TYPE = YES_ERROR;
				GCC_WARN_UNDECLARED_SELECTOR = YES;
				GCC_WARN_UNINITIALIZED_AUTOS = YES_AGGRESSIVE;
				GCC_WARN_UNUSED_FUNCTION = YES;
				GCC_WARN_UNUSED_VARIABLE = YES;
				IPHONEOS_DEPLOYMENT_TARGET = 12.2;
				MTL_ENABLE_DEBUG_INFO = INCLUDE_SOURCE;
				MTL_FAST_MATH = YES;
				ONLY_ACTIVE_ARCH = YES;
				SDKROOT = iphoneos;
				SWIFT_ACTIVE_COMPILATION_CONDITIONS = DEBUG;
				SWIFT_OPTIMIZATION_LEVEL = "-Onone";
			};
			name = Debug;
		};
		EBD04CBE2272E84B005DCC5A /* Release */ = {
			isa = XCBuildConfiguration;
			buildSettings = {
				ALWAYS_SEARCH_USER_PATHS = NO;
				CLANG_ANALYZER_NONNULL = YES;
				CLANG_ANALYZER_NUMBER_OBJECT_CONVERSION = YES_AGGRESSIVE;
				CLANG_CXX_LANGUAGE_STANDARD = "gnu++14";
				CLANG_CXX_LIBRARY = "libc++";
				CLANG_ENABLE_MODULES = YES;
				CLANG_ENABLE_OBJC_ARC = YES;
				CLANG_ENABLE_OBJC_WEAK = YES;
				CLANG_WARN_BLOCK_CAPTURE_AUTORELEASING = YES;
				CLANG_WARN_BOOL_CONVERSION = YES;
				CLANG_WARN_COMMA = YES;
				CLANG_WARN_CONSTANT_CONVERSION = YES;
				CLANG_WARN_DEPRECATED_OBJC_IMPLEMENTATIONS = YES;
				CLANG_WARN_DIRECT_OBJC_ISA_USAGE = YES_ERROR;
				CLANG_WARN_DOCUMENTATION_COMMENTS = YES;
				CLANG_WARN_EMPTY_BODY = YES;
				CLANG_WARN_ENUM_CONVERSION = YES;
				CLANG_WARN_INFINITE_RECURSION = YES;
				CLANG_WARN_INT_CONVERSION = YES;
				CLANG_WARN_NON_LITERAL_NULL_CONVERSION = YES;
				CLANG_WARN_OBJC_IMPLICIT_RETAIN_SELF = YES;
				CLANG_WARN_OBJC_LITERAL_CONVERSION = YES;
				CLANG_WARN_OBJC_ROOT_CLASS = YES_ERROR;
				CLANG_WARN_RANGE_LOOP_ANALYSIS = YES;
				CLANG_WARN_STRICT_PROTOTYPES = YES;
				CLANG_WARN_SUSPICIOUS_MOVE = YES;
				CLANG_WARN_UNGUARDED_AVAILABILITY = YES_AGGRESSIVE;
				CLANG_WARN_UNREACHABLE_CODE = YES;
				CLANG_WARN__DUPLICATE_METHOD_MATCH = YES;
				CODE_SIGN_IDENTITY = "iPhone Developer";
				COPY_PHASE_STRIP = NO;
				DEBUG_INFORMATION_FORMAT = "dwarf-with-dsym";
				ENABLE_NS_ASSERTIONS = NO;
				ENABLE_STRICT_OBJC_MSGSEND = YES;
				GCC_C_LANGUAGE_STANDARD = gnu11;
				GCC_NO_COMMON_BLOCKS = YES;
				GCC_WARN_64_TO_32_BIT_CONVERSION = YES;
				GCC_WARN_ABOUT_RETURN_TYPE = YES_ERROR;
				GCC_WARN_UNDECLARED_SELECTOR = YES;
				GCC_WARN_UNINITIALIZED_AUTOS = YES_AGGRESSIVE;
				GCC_WARN_UNUSED_FUNCTION = YES;
				GCC_WARN_UNUSED_VARIABLE = YES;
				IPHONEOS_DEPLOYMENT_TARGET = 12.2;
				MTL_ENABLE_DEBUG_INFO = NO;
				MTL_FAST_MATH = YES;
				SDKROOT = iphoneos;
				SWIFT_COMPILATION_MODE = wholemodule;
				SWIFT_OPTIMIZATION_LEVEL = "-O";
				VALIDATE_PRODUCT = YES;
			};
			name = Release;
		};
		EBD04CC02272E84B005DCC5A /* Debug */ = {
			isa = XCBuildConfiguration;
			buildSettings = {
				ASSETCATALOG_COMPILER_APPICON_NAME = AppIcon;
				CODE_SIGN_STYLE = Automatic;
				DEVELOPMENT_TEAM = 46X9JWL5UU;
				INFOPLIST_FILE = nutriientapp/Info.plist;
				LD_RUNPATH_SEARCH_PATHS = (
					"$(inherited)",
					"@executable_path/Frameworks",
				);
				PRODUCT_BUNDLE_IDENTIFIER = com.nutrieent.nutriientapp;
				PRODUCT_NAME = "$(TARGET_NAME)";
				SWIFT_VERSION = 5.0;
				TARGETED_DEVICE_FAMILY = "1,2";
			};
			name = Debug;
		};
		EBD04CC12272E84B005DCC5A /* Release */ = {
			isa = XCBuildConfiguration;
			buildSettings = {
				ASSETCATALOG_COMPILER_APPICON_NAME = AppIcon;
				CODE_SIGN_STYLE = Automatic;
				DEVELOPMENT_TEAM = 46X9JWL5UU;
				INFOPLIST_FILE = nutriientapp/Info.plist;
				LD_RUNPATH_SEARCH_PATHS = (
					"$(inherited)",
					"@executable_path/Frameworks",
				);
				PRODUCT_BUNDLE_IDENTIFIER = com.nutrieent.nutriientapp;
				PRODUCT_NAME = "$(TARGET_NAME)";
				SWIFT_VERSION = 5.0;
				TARGETED_DEVICE_FAMILY = "1,2";
			};
			name = Release;
		};
/* End XCBuildConfiguration section */

/* Begin XCConfigurationList section */
		EBD04CA52272E84B005DCC5A /* Build configuration list for PBXProject "nutriientapp" */ = {
			isa = XCConfigurationList;
			buildConfigurations = (
				EBD04CBD2272E84B005DCC5A /* Debug */,
				EBD04CBE2272E84B005DCC5A /* Release */,
			);
			defaultConfigurationIsVisible = 0;
			defaultConfigurationName = Release;
		};
		EBD04CBF2272E84B005DCC5A /* Build configuration list for PBXNativeTarget "nutriientapp" */ = {
			isa = XCConfigurationList;
			buildConfigurations = (
				EBD04CC02272E84B005DCC5A /* Debug */,
				EBD04CC12272E84B005DCC5A /* Release */,
			);
			defaultConfigurationIsVisible = 0;
			defaultConfigurationName = Release;
		};
/* End XCConfigurationList section */

/* Begin XCVersionGroup section */
		EBD04CB42272E84B005DCC5A /* nutriientapp.xcdatamodeld */ = {
			isa = XCVersionGroup;
			children = (
				EBD04CB52272E84B005DCC5A /* nutriientapp.xcdatamodel */,
			);
			currentVersion = EBD04CB52272E84B005DCC5A /* nutriientapp.xcdatamodel */;
			path = nutriientapp.xcdatamodeld;
			sourceTree = "<group>";
			versionGroupType = wrapper.xcdatamodel;
		};
/* End XCVersionGroup section */
	};
	rootObject = EBD04CA22272E84B005DCC5A /* Project object */;
}
